// !$*UTF8*$!
{
	archiveVersion = 1;
	classes = {
	};
	objectVersion = 56;
	objects = {

/* Begin PBXBuildFile section */
		A1000001229B0001 /* NotHotDogApp.swift in Sources */ = {isa = PBXBuildFile; fileRef = A1000002229B0001 /* NotHotDogApp.swift */; };
		A1000003229B0001 /* ContentView.swift in Sources */ = {isa = PBXBuildFile; fileRef = A1000004229B0001 /* ContentView.swift */; };
		A1000005229B0001 /* CameraManager.swift in Sources */ = {isa = PBXBuildFile; fileRef = A1000006229B0001 /* CameraManager.swift */; };
		A1000007229B0001 /* ImageClassifier.swift in Sources */ = {isa = PBXBuildFile; fileRef = A1000008229B0001 /* ImageClassifier.swift */; };
		A1000009229B0001 /* Assets.xcassets in Resources */ = {isa = PBXBuildFile; fileRef = A100000A229B0001 /* Assets.xcassets */; };
		A100000B229B0001 /* Preview Assets.xcassets in Resources */ = {isa = PBXBuildFile; fileRef = A100000C229B0001 /* Preview Assets.xcassets */; };
		A1000020229B0001 /* SoundManager.swift in Sources */ = {isa = PBXBuildFile; fileRef = A1000021229B0001 /* SoundManager.swift */; };
		A1000022229B0001 /* hotdog.wav in Resources */ = {isa = PBXBuildFile; fileRef = A1000023229B0001 /* hotdog.wav */; };
		A1000024229B0001 /* nothotdog.wav in Resources */ = {isa = PBXBuildFile; fileRef = A1000025229B0001 /* nothotdog.wav */; };
		A1000027229B0001 /* hotdog_voice.mp3 in Resources */ = {isa = PBXBuildFile; fileRef = A1000028229B0001 /* hotdog_voice.mp3 */; };
		A1000029229B0001 /* nothotdog_voice.mp3 in Resources */ = {isa = PBXBuildFile; fileRef = A100002A229B0001 /* nothotdog_voice.mp3 */; };
/* End PBXBuildFile section */

/* Begin PBXFileReference section */
		A1000002229B0001 /* NotHotDogApp.swift */ = {isa = PBXFileReference; lastKnownFileType = sourcecode.swift; path = NotHotDogApp.swift; sourceTree = "<group>"; };
		A1000004229B0001 /* ContentView.swift */ = {isa = PBXFileReference; lastKnownFileType = sourcecode.swift; path = ContentView.swift; sourceTree = "<group>"; };
		A1000006229B0001 /* CameraManager.swift */ = {isa = PBXFileReference; lastKnownFileType = sourcecode.swift; path = CameraManager.swift; sourceTree = "<group>"; };
		A1000008229B0001 /* ImageClassifier.swift */ = {isa = PBXFileReference; lastKnownFileType = sourcecode.swift; path = ImageClassifier.swift; sourceTree = "<group>"; };
		A100000A229B0001 /* Assets.xcassets */ = {isa = PBXFileReference; lastKnownFileType = folder.assetcatalog; path = Assets.xcassets; sourceTree = "<group>"; };
		A100000C229B0001 /* Preview Assets.xcassets */ = {isa = PBXFileReference; lastKnownFileType = folder.assetcatalog; path = "Preview Assets.xcassets"; sourceTree = "<group>"; };
		A100000D229B0001 /* Info.plist */ = {isa = PBXFileReference; lastKnownFileType = text.plist.xml; path = Info.plist; sourceTree = "<group>"; };
		A100000E229B0001 /* NotHotDog.app */ = {isa = PBXFileReference; explicitFileType = wrapper.application; includeInIndex = 0; path = NotHotDog.app; sourceTree = BUILT_PRODUCTS_DIR; };
		A1000021229B0001 /* SoundManager.swift */ = {isa = PBXFileReference; lastKnownFileType = sourcecode.swift; path = SoundManager.swift; sourceTree = "<group>"; };
		A1000023229B0001 /* hotdog.wav */ = {isa = PBXFileReference; lastKnownFileType = audio.wav; path = hotdog.wav; sourceTree = "<group>"; };
		A1000025229B0001 /* nothotdog.wav */ = {isa = PBXFileReference; lastKnownFileType = audio.wav; path = nothotdog.wav; sourceTree = "<group>"; };
		A1000028229B0001 /* hotdog_voice.mp3 */ = {isa = PBXFileReference; lastKnownFileType = audio.mp3; path = hotdog_voice.mp3; sourceTree = "<group>"; };
		A100002A229B0001 /* nothotdog_voice.mp3 */ = {isa = PBXFileReference; lastKnownFileType = audio.mp3; path = nothotdog_voice.mp3; sourceTree = "<group>"; };
/* End PBXFileReference section */

/* Begin PBXFrameworksBuildPhase section */
		A100000F229B0001 /* Frameworks */ = {
			isa = PBXFrameworksBuildPhase;
			buildActionMask = 2147483647;
			files = (
			);
			runOnlyForDeploymentPostprocessing = 0;
		};
/* End PBXFrameworksBuildPhase section */

/* Begin PBXGroup section */
		A1000010229B0001 = {
			isa = PBXGroup;
			children = (
				A1000011229B0001 /* NotHotDog */,
				A2000018229B1001 /* NotHotDogTests */,
				A3000018229B2001 /* NotHotDogUITests */,
				A1000012229B0001 /* Products */,
			);
			sourceTree = "<group>";
		};
		A1000011229B0001 /* NotHotDog */ = {
			isa = PBXGroup;
			children = (
				A1000002229B0001 /* NotHotDogApp.swift */,
				A1000004229B0001 /* ContentView.swift */,
				A1000006229B0001 /* CameraManager.swift */,
				A1000008229B0001 /* ImageClassifier.swift */,
				A1000021229B0001 /* SoundManager.swift */,
				A1000026229B0001 /* Sounds */,
				A100000A229B0001 /* Assets.xcassets */,
				A100000D229B0001 /* Info.plist */,
				A1000013229B0001 /* Preview Content */,
			);
			path = NotHotDog;
			sourceTree = "<group>";
		};
		A1000026229B0001 /* Sounds */ = {
			isa = PBXGroup;
			children = (
				A1000023229B0001 /* hotdog.wav */,
				A1000025229B0001 /* nothotdog.wav */,
				A1000028229B0001 /* hotdog_voice.mp3 */,
				A100002A229B0001 /* nothotdog_voice.mp3 */,
			);
			path = Sounds;
			sourceTree = "<group>";
		};
		A1000012229B0001 /* Products */ = {
			isa = PBXGroup;
			children = (
				A100000E229B0001 /* NotHotDog.app */,
				A2000011229B1001 /* NotHotDogTests.xctest */,
				A3000011229B2001 /* NotHotDogUITests.xctest */,
			);
			name = Products;
			sourceTree = "<group>";
		};
		A2000018229B1001 /* NotHotDogTests */ = {
			isa = PBXGroup;
			children = (
				A2000019229B1001 /* NotHotDogTests.swift */,
			);
			path = NotHotDogTests;
			sourceTree = "<group>";
		};
		A3000018229B2001 /* NotHotDogUITests */ = {
			isa = PBXGroup;
			children = (
				A3000019229B2001 /* NotHotDogUITests.swift */,
			);
			path = NotHotDogUITests;
			sourceTree = "<group>";
		};
		A1000013229B0001 /* Preview Content */ = {
			isa = PBXGroup;
			children = (
				A100000C229B0001 /* Preview Assets.xcassets */,
			);
			path = "Preview Content";
			sourceTree = "<group>";
		};
/* End PBXGroup section */

/* Begin PBXNativeTarget section */
		A1000014229B0001 /* NotHotDog */ = {
			isa = PBXNativeTarget;
			buildConfigurationList = A1000015229B0001 /* Build configuration list for PBXNativeTarget "NotHotDog" */;
			buildPhases = (
				A1000016229B0001 /* Sources */,
				A100000F229B0001 /* Frameworks */,
				A1000017229B0001 /* Resources */,
			);
			buildRules = (
			);
			dependencies = (
			);
			name = NotHotDog;
			productName = NotHotDog;
			productReference = A100000E229B0001 /* NotHotDog.app */;
			productType = "com.apple.product-type.application";
		};
/* End PBXNativeTarget section */

/* Begin PBXProject section */
		A1000018229B0001 /* Project object */ = {
			isa = PBXProject;
			attributes = {
				BuildIndependentTargetsInParallel = 1;
				LastSwiftUpdateCheck = 1500;
				LastUpgradeCheck = 1500;
				TargetAttributes = {
					A1000014229B0001 = {
						CreatedOnToolsVersion = 15.0;
					};
				};
			};
			buildConfigurationList = A1000019229B0001 /* Build configuration list for PBXProject "NotHotDog" */;
			compatibilityVersion = "Xcode 14.0";
			developmentRegion = en;
			hasScannedForEncodings = 0;
			knownRegions = (
				en,
				Base,
			);
			mainGroup = A1000010229B0001;
			productRefGroup = A1000012229B0001 /* Products */;
			projectDirPath = "";
			projectRoot = "";
				targets = (
					A1000014229B0001 /* NotHotDog */,
					A2000010229B1001 /* NotHotDogTests */,
					A3000010229B2001 /* NotHotDogUITests */,
				);
		};
/* End PBXProject section */

/* Begin PBXResourcesBuildPhase section */
		A1000017229B0001 /* Resources */ = {
			isa = PBXResourcesBuildPhase;
			buildActionMask = 2147483647;
			files = (
				A1000009229B0001 /* Assets.xcassets in Resources */,
				A100000B229B0001 /* Preview Assets.xcassets in Resources */,
				A1000022229B0001 /* hotdog.wav in Resources */,
				A1000024229B0001 /* nothotdog.wav in Resources */,
				A1000027229B0001 /* hotdog_voice.mp3 in Resources */,
				A1000029229B0001 /* nothotdog_voice.mp3 in Resources */,
			);
			runOnlyForDeploymentPostprocessing = 0;
		};
/* End PBXResourcesBuildPhase section */

/* Begin PBXSourcesBuildPhase section */
		A1000016229B0001 /* Sources */ = {
			isa = PBXSourcesBuildPhase;
			buildActionMask = 2147483647;
			files = (
				A1000001229B0001 /* NotHotDogApp.swift in Sources */,
				A1000003229B0001 /* ContentView.swift in Sources */,
				A1000005229B0001 /* CameraManager.swift in Sources */,
				A1000007229B0001 /* ImageClassifier.swift in Sources */,
				A1000020229B0001 /* SoundManager.swift in Sources */,
			);
			runOnlyForDeploymentPostprocessing = 0;
		};
		A2000012229B1001 /* Sources */ = {
			isa = PBXSourcesBuildPhase;
			buildActionMask = 2147483647;
			files = (
				A200001A229B1001 /* NotHotDogTests.swift in Sources */,
			);
			runOnlyForDeploymentPostprocessing = 0;
		};
		A3000012229B2001 /* Sources */ = {
			isa = PBXSourcesBuildPhase;
			buildActionMask = 2147483647;
			files = (
				A300001A229B2001 /* NotHotDogUITests.swift in Sources */,
			);
			runOnlyForDeploymentPostprocessing = 0;
		};
/* End PBXSourcesBuildPhase section */

/* Begin PBXFrameworksBuildPhase section */
		A2000013229B1001 /* Frameworks */ = {
			isa = PBXFrameworksBuildPhase;
			buildActionMask = 2147483647;
			files = (
			);
			runOnlyForDeploymentPostprocessing = 0;
		};
		A3000013229B2001 /* Frameworks */ = {
			isa = PBXFrameworksBuildPhase;
			buildActionMask = 2147483647;
			files = (
			);
			runOnlyForDeploymentPostprocessing = 0;
		};
/* End PBXFrameworksBuildPhase section */

/* Begin PBXResourcesBuildPhase section */
		A2000014229B1001 /* Resources */ = {
			isa = PBXResourcesBuildPhase;
			buildActionMask = 2147483647;
			files = (
			);
			runOnlyForDeploymentPostprocessing = 0;
		};
		A3000014229B2001 /* Resources */ = {
			isa = PBXResourcesBuildPhase;
			buildActionMask = 2147483647;
			files = (
			);
			runOnlyForDeploymentPostprocessing = 0;
		};
/* End PBXResourcesBuildPhase section */

/* Begin PBXFileReference section */
		A2000011229B1001 /* NotHotDogTests.xctest */ = {isa = PBXFileReference; explicitFileType = wrapper.cfbundle; includeInIndex = 0; path = NotHotDogTests.xctest; sourceTree = BUILT_PRODUCTS_DIR; };
		A2000019229B1001 /* NotHotDogTests.swift */ = {isa = PBXFileReference; lastKnownFileType = sourcecode.swift; path = NotHotDogTests.swift; sourceTree = "<group>"; };
		A3000011229B2001 /* NotHotDogUITests.xctest */ = {isa = PBXFileReference; explicitFileType = wrapper.cfbundle; includeInIndex = 0; path = NotHotDogUITests.xctest; sourceTree = BUILT_PRODUCTS_DIR; };
		A3000019229B2001 /* NotHotDogUITests.swift */ = {isa = PBXFileReference; lastKnownFileType = sourcecode.swift; path = NotHotDogUITests.swift; sourceTree = "<group>"; };
/* End PBXFileReference section */

/* Begin PBXBuildFile section */
		A200001A229B1001 /* NotHotDogTests.swift in Sources */ = {isa = PBXBuildFile; fileRef = A2000019229B1001 /* NotHotDogTests.swift */; };
		A300001A229B2001 /* NotHotDogUITests.swift in Sources */ = {isa = PBXBuildFile; fileRef = A3000019229B2001 /* NotHotDogUITests.swift */; };
/* End PBXBuildFile section */

/* Begin PBXNativeTarget section */
		A2000010229B1001 /* NotHotDogTests */ = {
			isa = PBXNativeTarget;
			buildConfigurationList = A2000015229B1001 /* Build configuration list for PBXNativeTarget "NotHotDogTests" */;
			buildPhases = (
				A2000012229B1001 /* Sources */,
				A2000013229B1001 /* Frameworks */,
				A2000014229B1001 /* Resources */,
			);
			buildRules = (
			);
			dependencies = (
				A200001C229B1001 /* PBXTargetDependency */,
			);
			name = NotHotDogTests;
			productName = NotHotDogTests;
			productReference = A2000011229B1001 /* NotHotDogTests.xctest */;
			productType = "com.apple.product-type.bundle.unit-test";
		};
		A3000010229B2001 /* NotHotDogUITests */ = {
			isa = PBXNativeTarget;
			buildConfigurationList = A3000015229B2001 /* Build configuration list for PBXNativeTarget "NotHotDogUITests" */;
			buildPhases = (
				A3000012229B2001 /* Sources */,
				A3000013229B2001 /* Frameworks */,
				A3000014229B2001 /* Resources */,
			);
			buildRules = (
			);
			dependencies = (
				A300001C229B2001 /* PBXTargetDependency */,
			);
			name = NotHotDogUITests;
			productName = NotHotDogUITests;
			productReference = A3000011229B2001 /* NotHotDogUITests.xctest */;
			productType = "com.apple.product-type.bundle.ui-testing";
		};
/* End PBXNativeTarget section */

/* Begin PBXTargetDependency section */
		A200001C229B1001 /* PBXTargetDependency */ = {isa = PBXTargetDependency; target = A1000014229B0001 /* NotHotDog */; targetProxy = A200001D229B1001 /* PBXContainerItemProxy */; };
		A300001C229B2001 /* PBXTargetDependency */ = {isa = PBXTargetDependency; target = A1000014229B0001 /* NotHotDog */; targetProxy = A300001D229B2001 /* PBXContainerItemProxy */; };
/* End PBXTargetDependency section */

/* Begin PBXContainerItemProxy section */
		A200001D229B1001 /* PBXContainerItemProxy */ = {
			isa = PBXContainerItemProxy;
			containerPortal = A1000018229B0001 /* Project object */;
			proxyType = 1;
			remoteGlobalIDString = A1000014229B0001;
			remoteInfo = NotHotDog;
		};
		A300001D229B2001 /* PBXContainerItemProxy */ = {
			isa = PBXContainerItemProxy;
			containerPortal = A1000018229B0001 /* Project object */;
			proxyType = 1;
			remoteGlobalIDString = A1000014229B0001;
			remoteInfo = NotHotDog;
		};
/* End PBXContainerItemProxy section */

/* Begin XCBuildConfiguration section */
		A100001A229B0001 /* Debug */ = {
			isa = XCBuildConfiguration;
			buildSettings = {
				ALWAYS_SEARCH_USER_PATHS = NO;
				ASSETCATALOG_COMPILER_GENERATE_SWIFT_ASSET_SYMBOL_EXTENSIONS = YES;
				CLANG_ANALYZER_NONNULL = YES;
				CLANG_ANALYZER_NUMBER_OBJECT_CONVERSION = YES_AGGRESSIVE;
				CLANG_CXX_LANGUAGE_STANDARD = "gnu++20";
				CLANG_ENABLE_MODULES = YES;
				CLANG_ENABLE_OBJC_ARC = YES;
				CLANG_ENABLE_OBJC_WEAK = YES;
				CLANG_WARN_BLOCK_CAPTURE_AUTORELEASING = YES;
				CLANG_WARN_BOOL_CONVERSION = YES;
				CLANG_WARN_COMMA = YES;
				CLANG_WARN_CONSTANT_CONVERSION = YES;
				CLANG_WARN_DEPRECATED_OBJC_IMPLEMENTATIONS = YES;
				CLANG_WARN_DIRECT_OBJC_ISA_USAGE = YES_ERROR;
				CLANG_WARN_DOCUMENTATION_COMMENTS = YES;
				CLANG_WARN_EMPTY_BODY = YES;
				CLANG_WARN_ENUM_CONVERSION = YES;
				CLANG_WARN_INFINITE_RECURSION = YES;
				CLANG_WARN_INT_CONVERSION = YES;
				CLANG_WARN_NON_LITERAL_NULL_CONVERSION = YES;
				CLANG_WARN_OBJC_IMPLICIT_RETAIN_SELF = YES;
				CLANG_WARN_OBJC_LITERAL_CONVERSION = YES;
				CLANG_WARN_OBJC_ROOT_CLASS = YES_ERROR;
				CLANG_WARN_QUOTED_INCLUDE_IN_FRAMEWORK_HEADER = YES;
				CLANG_WARN_RANGE_LOOP_ANALYSIS = YES;
				CLANG_WARN_STRICT_PROTOTYPES = YES;
				CLANG_WARN_SUSPICIOUS_MOVE = YES;
				CLANG_WARN_UNGUARDED_AVAILABILITY = YES_AGGRESSIVE;
				CLANG_WARN_UNREACHABLE_CODE = YES;
				CLANG_WARN__DUPLICATE_METHOD_MATCH = YES;
				COPY_PHASE_STRIP = NO;
				DEBUG_INFORMATION_FORMAT = dwarf;
				ENABLE_STRICT_OBJC_MSGSEND = YES;
				ENABLE_TESTABILITY = YES;
				ENABLE_USER_SCRIPT_SANDBOXING = YES;
				GCC_C_LANGUAGE_STANDARD = gnu17;
				GCC_DYNAMIC_NO_PIC = NO;
				GCC_NO_COMMON_BLOCKS = YES;
				GCC_OPTIMIZATION_LEVEL = 0;
				GCC_PREPROCESSOR_DEFINITIONS = (
					"DEBUG=1",
					"$(inherited)",
				);
				GCC_WARN_64_TO_32_BIT_CONVERSION = YES;
				GCC_WARN_ABOUT_RETURN_TYPE = YES_ERROR;
				GCC_WARN_UNDECLARED_SELECTOR = YES;
				GCC_WARN_UNINITIALIZED_AUTOS = YES_AGGRESSIVE;
				GCC_WARN_UNUSED_FUNCTION = YES;
				GCC_WARN_UNUSED_VARIABLE = YES;
				IPHONEOS_DEPLOYMENT_TARGET = 17.0;
				LOCALIZATION_PREFERS_STRING_CATALOGS = YES;
				MTL_ENABLE_DEBUG_INFO = INCLUDE_SOURCE;
				MTL_FAST_MATH = YES;
				ONLY_ACTIVE_ARCH = YES;
				SDKROOT = iphoneos;
				SWIFT_ACTIVE_COMPILATION_CONDITIONS = "DEBUG $(inherited)";
				SWIFT_OPTIMIZATION_LEVEL = "-Onone";
				SWIFT_VERSION = 6.0;
			};
			name = Debug;
		};
		A100001B229B0001 /* Release */ = {
			isa = XCBuildConfiguration;
			buildSettings = {
				ALWAYS_SEARCH_USER_PATHS = NO;
				ASSETCATALOG_COMPILER_GENERATE_SWIFT_ASSET_SYMBOL_EXTENSIONS = YES;
				CLANG_ANALYZER_NONNULL = YES;
				CLANG_ANALYZER_NUMBER_OBJECT_CONVERSION = YES_AGGRESSIVE;
				CLANG_CXX_LANGUAGE_STANDARD = "gnu++20";
				CLANG_ENABLE_MODULES = YES;
				CLANG_ENABLE_OBJC_ARC = YES;
				CLANG_ENABLE_OBJC_WEAK = YES;
				CLANG_WARN_BLOCK_CAPTURE_AUTORELEASING = YES;
				CLANG_WARN_BOOL_CONVERSION = YES;
				CLANG_WARN_COMMA = YES;
				CLANG_WARN_CONSTANT_CONVERSION = YES;
				CLANG_WARN_DEPRECATED_OBJC_IMPLEMENTATIONS = YES;
				CLANG_WARN_DIRECT_OBJC_ISA_USAGE = YES_ERROR;
				CLANG_WARN_DOCUMENTATION_COMMENTS = YES;
				CLANG_WARN_EMPTY_BODY = YES;
				CLANG_WARN_ENUM_CONVERSION = YES;
				CLANG_WARN_INFINITE_RECURSION = YES;
				CLANG_WARN_INT_CONVERSION = YES;
				CLANG_WARN_NON_LITERAL_NULL_CONVERSION = YES;
				CLANG_WARN_OBJC_IMPLICIT_RETAIN_SELF = YES;
				CLANG_WARN_OBJC_LITERAL_CONVERSION = YES;
				CLANG_WARN_OBJC_ROOT_CLASS = YES_ERROR;
				CLANG_WARN_QUOTED_INCLUDE_IN_FRAMEWORK_HEADER = YES;
				CLANG_WARN_RANGE_LOOP_ANALYSIS = YES;
				CLANG_WARN_STRICT_PROTOTYPES = YES;
				CLANG_WARN_SUSPICIOUS_MOVE = YES;
				CLANG_WARN_UNGUARDED_AVAILABILITY = YES_AGGRESSIVE;
				CLANG_WARN_UNREACHABLE_CODE = YES;
				CLANG_WARN__DUPLICATE_METHOD_MATCH = YES;
				COPY_PHASE_STRIP = NO;
				DEBUG_INFORMATION_FORMAT = "dwarf-with-dsym";
				ENABLE_NS_ASSERTIONS = NO;
				ENABLE_STRICT_OBJC_MSGSEND = YES;
				ENABLE_USER_SCRIPT_SANDBOXING = YES;
				GCC_C_LANGUAGE_STANDARD = gnu17;
				GCC_NO_COMMON_BLOCKS = YES;
				GCC_WARN_64_TO_32_BIT_CONVERSION = YES;
				GCC_WARN_ABOUT_RETURN_TYPE = YES_ERROR;
				GCC_WARN_UNDECLARED_SELECTOR = YES;
				GCC_WARN_UNINITIALIZED_AUTOS = YES_AGGRESSIVE;
				GCC_WARN_UNUSED_FUNCTION = YES;
				GCC_WARN_UNUSED_VARIABLE = YES;
				IPHONEOS_DEPLOYMENT_TARGET = 17.0;
				LOCALIZATION_PREFERS_STRING_CATALOGS = YES;
				MTL_ENABLE_DEBUG_INFO = NO;
				MTL_FAST_MATH = YES;
				SDKROOT = iphoneos;
				SWIFT_COMPILATION_MODE = wholemodule;
				SWIFT_VERSION = 6.0;
				VALIDATE_PRODUCT = YES;
			};
			name = Release;
		};
		A100001C229B0001 /* Debug */ = {
			isa = XCBuildConfiguration;
			buildSettings = {
				ASSETCATALOG_COMPILER_APPICON_NAME = AppIcon;
				ASSETCATALOG_COMPILER_GLOBAL_ACCENT_COLOR_NAME = AccentColor;
				CODE_SIGN_STYLE = Automatic;
				CURRENT_PROJECT_VERSION = 1;
				DEVELOPMENT_ASSET_PATHS = "\"NotHotDog/Preview Content\"";
				ENABLE_PREVIEWS = YES;
				GENERATE_INFOPLIST_FILE = YES;
				INFOPLIST_FILE = NotHotDog/Info.plist;
				INFOPLIST_KEY_NSCameraUsageDescription = "Not Hot Dog needs camera access to tell if something is a hot dog or not. Processing happens entirely on your device.";
				INFOPLIST_KEY_UIApplicationSceneManifest_Generation = YES;
				INFOPLIST_KEY_UIApplicationSupportsIndirectInputEvents = YES;
				INFOPLIST_KEY_UILaunchScreen_Generation = YES;
				INFOPLIST_KEY_UISupportedInterfaceOrientations = UIInterfaceOrientationPortrait;
				INFOPLIST_KEY_UISupportedInterfaceOrientations_iPad = "UIInterfaceOrientationLandscapeLeft UIInterfaceOrientationLandscapeRight UIInterfaceOrientationPortrait UIInterfaceOrientationPortraitUpsideDown";
				LD_RUNPATH_SEARCH_PATHS = (
					"$(inherited)",
					"@executable_path/Frameworks",
				);
				MARKETING_VERSION = 1.0.1;
				PRODUCT_BUNDLE_IDENTIFIER = com.nothotdog.app;
				CURRENT_PROJECT_VERSION = 2;
				PRODUCT_NAME = "$(TARGET_NAME)";
				INFOPLIST_KEY_CFBundleDisplayName = "Not Hot Dog";
				SUPPORTED_PLATFORMS = "iphoneos iphonesimulator";
				SUPPORTS_MACCATALYST = NO;
				SWIFT_EMIT_LOC_STRINGS = YES;
				SWIFT_STRICT_CONCURRENCY = complete;
				SWIFT_VERSION = 6.0;
				TARGETED_DEVICE_FAMILY = "1,2";
			};
			name = Debug;
		};
		A100001D229B0001 /* Release */ = {
			isa = XCBuildConfiguration;
			buildSettings = {
				ASSETCATALOG_COMPILER_APPICON_NAME = AppIcon;
				ASSETCATALOG_COMPILER_GLOBAL_ACCENT_COLOR_NAME = AccentColor;
				CODE_SIGN_STYLE = Automatic;
				CURRENT_PROJECT_VERSION = 1;
				DEVELOPMENT_ASSET_PATHS = "\"NotHotDog/Preview Content\"";
				ENABLE_PREVIEWS = YES;
				GENERATE_INFOPLIST_FILE = YES;
				INFOPLIST_FILE = NotHotDog/Info.plist;
				INFOPLIST_KEY_NSCameraUsageDescription = "Not Hot Dog needs camera access to tell if something is a hot dog or not. Processing happens entirely on your device.";
				INFOPLIST_KEY_UIApplicationSceneManifest_Generation = YES;
				INFOPLIST_KEY_UIApplicationSupportsIndirectInputEvents = YES;
				INFOPLIST_KEY_UILaunchScreen_Generation = YES;
				INFOPLIST_KEY_UISupportedInterfaceOrientations = UIInterfaceOrientationPortrait;
				INFOPLIST_KEY_UISupportedInterfaceOrientations_iPad = "UIInterfaceOrientationLandscapeLeft UIInterfaceOrientationLandscapeRight UIInterfaceOrientationPortrait UIInterfaceOrientationPortraitUpsideDown";
				LD_RUNPATH_SEARCH_PATHS = (
					"$(inherited)",
					"@executable_path/Frameworks",
				);
				MARKETING_VERSION = 1.0.1;
				PRODUCT_BUNDLE_IDENTIFIER = com.nothotdog.app;
				CURRENT_PROJECT_VERSION = 2;
				PRODUCT_NAME = "$(TARGET_NAME)";
				INFOPLIST_KEY_CFBundleDisplayName = "Not Hot Dog";
				SUPPORTED_PLATFORMS = "iphoneos iphonesimulator";
				SUPPORTS_MACCATALYST = NO;
				SWIFT_EMIT_LOC_STRINGS = YES;
				SWIFT_STRICT_CONCURRENCY = complete;
				SWIFT_VERSION = 6.0;
				TARGETED_DEVICE_FAMILY = "1,2";
			};
			name = Release;
		};
/* End XCBuildConfiguration section */

/* Begin XCConfigurationList section */
		A1000015229B0001 /* Build configuration list for PBXNativeTarget "NotHotDog" */ = {
			isa = XCConfigurationList;
			buildConfigurations = (
				A100001C229B0001 /* Debug */,
				A100001D229B0001 /* Release */,
			);
			defaultConfigurationIsVisible = 0;
			defaultConfigurationName = Release;
		};
		A1000019229B0001 /* Build configuration list for PBXProject "NotHotDog" */ = {
			isa = XCConfigurationList;
			buildConfigurations = (
				A100001A229B0001 /* Debug */,
				A100001B229B0001 /* Release */,
			);
			defaultConfigurationIsVisible = 0;
			defaultConfigurationName = Release;
		};
/* Begin UI Test Target Build Configs */
		A3000016229B2001 /* Debug */ = {
			isa = XCBuildConfiguration;
			buildSettings = {
				CODE_SIGN_STYLE = Automatic;
				GENERATE_INFOPLIST_FILE = YES;
				IPHONEOS_DEPLOYMENT_TARGET = 17.0;
				LD_RUNPATH_SEARCH_PATHS = (
					"$(inherited)",
					"@executable_path/Frameworks",
					"@loader_path/Frameworks",
				);
				PRODUCT_BUNDLE_IDENTIFIER = com.nothotdog.app.uitests;
				PRODUCT_NAME = "$(TARGET_NAME)";
				SDKROOT = iphoneos;
				SWIFT_VERSION = 6.0;
				TEST_TARGET_NAME = NotHotDog;
				SUPPORTED_PLATFORMS = "iphoneos iphonesimulator";
			};
			name = Debug;
		};
		A3000017229B2001 /* Release */ = {
			isa = XCBuildConfiguration;
			buildSettings = {
				CODE_SIGN_STYLE = Automatic;
				GENERATE_INFOPLIST_FILE = YES;
				IPHONEOS_DEPLOYMENT_TARGET = 17.0;
				LD_RUNPATH_SEARCH_PATHS = (
					"$(inherited)",
					"@executable_path/Frameworks",
					"@loader_path/Frameworks",
				);
				PRODUCT_BUNDLE_IDENTIFIER = com.nothotdog.app.uitests;
				PRODUCT_NAME = "$(TARGET_NAME)";
				SDKROOT = iphoneos;
				SWIFT_VERSION = 6.0;
				TEST_TARGET_NAME = NotHotDog;
				SUPPORTED_PLATFORMS = "iphoneos iphonesimulator";
			};
			name = Release;
		};
		A3000015229B2001 /* Build configuration list for PBXNativeTarget "NotHotDogUITests" */ = {
			isa = XCConfigurationList;
			buildConfigurations = (
				A3000016229B2001 /* Debug */,
				A3000017229B2001 /* Release */,
			);
			defaultConfigurationIsVisible = 0;
			defaultConfigurationName = Release;
		};
/* End UI Test Target Build Configs */
/* Begin Test Target Build Configs */
		A2000016229B1001 /* Debug */ = {
			isa = XCBuildConfiguration;
			buildSettings = {
				CODE_SIGN_STYLE = Automatic;
				GENERATE_INFOPLIST_FILE = YES;
				IPHONEOS_DEPLOYMENT_TARGET = 17.0;
				LD_RUNPATH_SEARCH_PATHS = (
					"$(inherited)",
					"@executable_path/Frameworks",
					"@loader_path/Frameworks",
				);
				PRODUCT_BUNDLE_IDENTIFIER = com.nothotdog.app.tests;
				PRODUCT_NAME = "$(TARGET_NAME)";
				SDKROOT = iphoneos;
				SWIFT_VERSION = 6.0;
				TEST_HOST = "";
				SUPPORTED_PLATFORMS = "iphoneos iphonesimulator";
			};
			name = Debug;
		};
		A2000017229B1001 /* Release */ = {
			isa = XCBuildConfiguration;
			buildSettings = {
				CODE_SIGN_STYLE = Automatic;
				GENERATE_INFOPLIST_FILE = YES;
				IPHONEOS_DEPLOYMENT_TARGET = 17.0;
				LD_RUNPATH_SEARCH_PATHS = (
					"$(inherited)",
					"@executable_path/Frameworks",
					"@loader_path/Frameworks",
				);
				PRODUCT_BUNDLE_IDENTIFIER = com.nothotdog.app.tests;
				PRODUCT_NAME = "$(TARGET_NAME)";
				SDKROOT = iphoneos;
				SWIFT_VERSION = 6.0;
				TEST_HOST = "";
				SUPPORTED_PLATFORMS = "iphoneos iphonesimulator";
			};
			name = Release;
		};
		A2000015229B1001 /* Build configuration list for PBXNativeTarget "NotHotDogTests" */ = {
			isa = XCConfigurationList;
			buildConfigurations = (
				A2000016229B1001 /* Debug */,
				A2000017229B1001 /* Release */,
			);
			defaultConfigurationIsVisible = 0;
			defaultConfigurationName = Release;
		};
/* End Test Target Build Configs */
/* End XCConfigurationList section */
	};
	rootObject = A1000018229B0001 /* Project object */;
}
